
Microsoft Visual Studio Solution File, Format Version 12.00
# Visual Studio Version 16
VisualStudioVersion = 16.0.36128.20
MinimumVisualStudioVersion = 10.0.40219.1
Project("{FAE04EC0-301F-11D3-BF4B-00C04F79EFBC}") = "Projeto51Fellipe2.0", "Projeto51Fellipe2.0\Projeto51Fellipe2.0.csproj", "{236F38C7-F7D1-4550-ABF1-11964D3C0B00}"
EndProject
Global
	GlobalSection(SolutionConfigurationPlatforms) = preSolution
		Debug|Any CPU = Debug|Any CPU
		Release|Any CPU = Release|Any CPU
	EndGlobalSection
	GlobalSection(ProjectConfigurationPlatforms) = postSolution
		{236F38C7-F7D1-4550-ABF1-11964D3C0B00}.Debug|Any CPU.ActiveCfg = Debug|Any CPU
		{236F38C7-F7D1-4550-ABF1-11964D3C0B00}.Debug|Any CPU.Build.0 = Debug|Any CPU
		{236F38C7-F7D1-4550-ABF1-11964D3C0B00}.Release|Any CPU.ActiveCfg = Release|Any CPU
		{236F38C7-F7D1-4550-ABF1-11964D3C0B00}.Release|Any CPU.Build.0 = Release|Any CPU
	EndGlobalSection
	GlobalSection(SolutionProperties) = preSolution
		HideSolutionNode = FALSE
	EndGlobalSection
	GlobalSection(ExtensibilityGlobals) = postSolution
		SolutionGuid = {137B228B-7F0F-4412-BB62-1B66B679E93C}
	EndGlobalSection
EndGlobal
